
Microsoft Visual Studio Solution File, Format Version 12.00
# Visual Studio Version 17
VisualStudioVersion = 17.7.34031.279
MinimumVisualStudioVersion = 10.0.40219.1
Project("{FAE04EC0-301F-11D3-BF4B-00C04F79EFBC}") = "Springfield Downs Racing", "Springfield Downs Racing\Springfield Downs Racing.csproj", "{7E0B925D-7E03-471C-85A7-522F0D81D72D}"
EndProject
Global
	GlobalSection(SolutionConfigurationPlatforms) = preSolution
		Debug|Any CPU = Debug|Any CPU
		Release|Any CPU = Release|Any CPU
	EndGlobalSection
	GlobalSection(ProjectConfigurationPlatforms) = postSolution
		{7E0B925D-7E03-471C-85A7-522F0D81D72D}.Debug|Any CPU.ActiveCfg = Debug|Any CPU
		{7E0B925D-7E03-471C-85A7-522F0D81D72D}.Debug|Any CPU.Build.0 = Debug|Any CPU
		{7E0B925D-7E03-471C-85A7-522F0D81D72D}.Release|Any CPU.ActiveCfg = Release|Any CPU
		{7E0B925D-7E03-471C-85A7-522F0D81D72D}.Release|Any CPU.Build.0 = Release|Any CPU
	EndGlobalSection
	GlobalSection(SolutionProperties) = preSolution
		HideSolutionNode = FALSE
	EndGlobalSection
	GlobalSection(ExtensibilityGlobals) = postSolution
		SolutionGuid = {9A5538C3-26CF-4AF8-8944-4985F8FCCDDD}
	EndGlobalSection
EndGlobal
